
Microsoft Visual Studio Solution File, Format Version 12.00
# Visual Studio Version 17
VisualStudioVersion = 17.11.35303.130
MinimumVisualStudioVersion = 10.0.40219.1
Project("{FAE04EC0-301F-11D3-BF4B-00C04F79EFBC}") = "Modularidad", "Modularidad.csproj", "{57C2E92C-73F8-4A66-A403-EA696F701C0F}"
EndProject
Global
	GlobalSection(SolutionConfigurationPlatforms) = preSolution
		Debug|Any CPU = Debug|Any CPU
		Release|Any CPU = Release|Any CPU
	EndGlobalSection
	GlobalSection(ProjectConfigurationPlatforms) = postSolution
		{57C2E92C-73F8-4A66-A403-EA696F701C0F}.Debug|Any CPU.ActiveCfg = Debug|Any CPU
		{57C2E92C-73F8-4A66-A403-EA696F701C0F}.Debug|Any CPU.Build.0 = Debug|Any CPU
		{57C2E92C-73F8-4A66-A403-EA696F701C0F}.Release|Any CPU.ActiveCfg = Release|Any CPU
		{57C2E92C-73F8-4A66-A403-EA696F701C0F}.Release|Any CPU.Build.0 = Release|Any CPU
	EndGlobalSection
	GlobalSection(SolutionProperties) = preSolution
		HideSolutionNode = FALSE
	EndGlobalSection
	GlobalSection(ExtensibilityGlobals) = postSolution
		SolutionGuid = {8DB5756F-CE98-4F07-9102-A7D530DBC576}
	EndGlobalSection
EndGlobal
